
Microsoft Visual Studio Solution File, Format Version 12.00
# Visual Studio Version 17
VisualStudioVersion = 17.4.33213.308
MinimumVisualStudioVersion = 10.0.40219.1
Project("{FAE04EC0-301F-11D3-BF4B-00C04F79EFBC}") = "ProducerExample", "ProducerExample\ProducerExample.csproj", "{5BB07888-BE64-4D8D-84F5-5201CA9FE76A}"
EndProject
Global
	GlobalSection(SolutionConfigurationPlatforms) = preSolution
		Debug|Any CPU = Debug|Any CPU
		Release|Any CPU = Release|Any CPU
	EndGlobalSection
	GlobalSection(ProjectConfigurationPlatforms) = postSolution
		{5BB07888-BE64-4D8D-84F5-5201CA9FE76A}.Debug|Any CPU.ActiveCfg = Debug|Any CPU
		{5BB07888-BE64-4D8D-84F5-5201CA9FE76A}.Debug|Any CPU.Build.0 = Debug|Any CPU
		{5BB07888-BE64-4D8D-84F5-5201CA9FE76A}.Release|Any CPU.ActiveCfg = Release|Any CPU
		{5BB07888-BE64-4D8D-84F5-5201CA9FE76A}.Release|Any CPU.Build.0 = Release|Any CPU
	EndGlobalSection
	GlobalSection(SolutionProperties) = preSolution
		HideSolutionNode = FALSE
	EndGlobalSection
	GlobalSection(ExtensibilityGlobals) = postSolution
		SolutionGuid = {181A6DED-D69A-49D9-A91A-8B8E648797CC}
	EndGlobalSection
EndGlobal
